<?xml version="1.0" encoding="utf-8"?>
<Project ToolsVersion="4.0" xmlns="http://schemas.microsoft.com/developer/msbuild/2003">
  <ItemGroup>
    <Filter Include="Source Files">
      <UniqueIdentifier>{4FC737F1-C7A5-4376-A066-2A32D752A2FF}</UniqueIdentifier>
      <Extensions>cpp;c;cc;cxx;c++;cppm;ixx;def;odl;idl;hpj;bat;asm;asmx</Extensions>
    </Filter>
    <Filter Include="Header Files">
      <UniqueIdentifier>{93995380-89BD-4b04-88EB-625FBE52EBFB}</UniqueIdentifier>
      <Extensions>h;hh;hpp;hxx;h++;hm;inl;inc;ipp;xsd</Extensions>
    </Filter>
    <Filter Include="Resource Files">
      <UniqueIdentifier>{67DA6AB6-F800-4c08-8B7A-83BB121AAD01}</UniqueIdentifier>
      <Extensions>rc;ico;cur;bmp;dlg;rc2;rct;bin;rgs;gif;jpg;jpeg;jpe;resx;tiff;tif;png;wav;mfcribbon-ms</Extensions>
    </Filter>
    <Filter Include="Header Files\External">
      <UniqueIdentifier>{d3a0ffa9-2e7a-43ba-9e67-0a8f1d8d21bb}</UniqueIdentifier>
    </Filter>
    <Filter Include="Source Files\External">
      <UniqueIdentifier>{ae181810-c701-46da-904c-c7e71c136fe9}</UniqueIdentifier>
    </Filter>
    <Filter Include="Header Files\Engine">
      <UniqueIdentifier>{c30e8369-f378-492b-b5f8-90258decc16c}</UniqueIdentifier>
    </Filter>
    <Filter Include="Source Files\Engine">
      <UniqueIdentifier>{1703554d-c3e3-41e3-8e1b-4d1d4645242e}</UniqueIdentifier>
    </Filter>
    <Filter Include="Source Files\Gameplay">
      <UniqueIdentifier>{0866019a-0c99-4e15-b996-c6aed3961fd3}</UniqueIdentifier>
    </Filter>
    <Filter Include="Header Files\Gameplay">
      <UniqueIdentifier>{c5fd81bb-55eb-415c-a26e-98e670e6b481}</UniqueIdentifier>
    </Filter>
    <Filter Include="Header Files\Engine\Loaders">
      <UniqueIdentifier>{dfd8115a-c024-4b53-b3c9-e32784520bd0}</UniqueIdentifier>
    </Filter>
    <Filter Include="Source Files\Engine\Loaders">
      <UniqueIdentifier>{1c2af63d-b8ef-4ede-9205-206b2055765d}</UniqueIdentifier>
    </Filter>
  </ItemGroup>
  <ItemGroup>
    <ClInclude Include="Source\imgui\imconfig.h">
      <Filter>Header Files\External</Filter>
    </ClInclude>
    <ClInclude Include="Source\imgui\imgui.h">
      <Filter>Header Files\External</Filter>
    </ClInclude>
    <ClInclude Include="Source\imgui\imgui_impl_glfw.h">
      <Filter>Header Files\External</Filter>
    </ClInclude>
    <ClInclude Include="Source\imgui\imgui_impl_opengl3.h">
      <Filter>Header Files\External</Filter>
    </ClInclude>
    <ClInclude Include="Source\imgui\imgui_internal.h">
      <Filter>Header Files\External</Filter>
    </ClInclude>
    <ClInclude Include="Source\imgui\imstb_rectpack.h">
      <Filter>Header Files\External</Filter>
    </ClInclude>
    <ClInclude Include="Source\imgui\imstb_textedit.h">
      <Filter>Header Files\External</Filter>
    </ClInclude>
    <ClInclude Include="Source\imgui\imstb_truetype.h">
      <Filter>Header Files\External</Filter>
    </ClInclude>
    <ClInclude Include="Source\imgui\khrplatform.h">
      <Filter>Header Files\External</Filter>
    </ClInclude>
    <ClInclude Include="Source\imgui\glad.h">
      <Filter>Header Files\External</Filter>
    </ClInclude>
    <ClInclude Include="Source\imgui\imfilebrowser.h">
      <Filter>Header Files\External</Filter>
    </ClInclude>
    <ClInclude Include="Source\window.h">
      <Filter>Header Files\Engine</Filter>
    </ClInclude>
    <ClInclude Include="Source\toolmenu.h">
      <Filter>Header Files\Engine</Filter>
    </ClInclude>
    <ClInclude Include="Source\sprite_render.h">
      <Filter>Header Files\Engine</Filter>
    </ClInclude>
    <ClInclude Include="Source\system.h">
      <Filter>Header Files\Engine</Filter>
    </ClInclude>
    <ClInclude Include="Source\structures.h">
      <Filter>Header Files\Engine</Filter>
    </ClInclude>
    <ClInclude Include="Source\gui.h">
      <Filter>Header Files\Engine</Filter>
    </ClInclude>
    <ClInclude Include="Source\files.h">
      <Filter>Header Files\Engine</Filter>
    </ClInclude>
    <ClInclude Include="Source\engine.h">
      <Filter>Header Files\Engine</Filter>
    </ClInclude>
    <ClInclude Include="Source\diag.h">
      <Filter>Header Files\Engine</Filter>
    </ClInclude>
    <ClInclude Include="Source\console.h">
      <Filter>Header Files\Engine</Filter>
    </ClInclude>
    <ClInclude Include="Source\bitenums.h">
      <Filter>Header Files\Engine</Filter>
    </ClInclude>
    <ClInclude Include="Source\shader.h">
      <Filter>Header Files\Engine</Filter>
    </ClInclude>
    <ClInclude Include="Source\texture.h">
      <Filter>Header Files\Engine</Filter>
    </ClInclude>
    <ClInclude Include="Source\jiggle.h">
      <Filter>Header Files\Gameplay</Filter>
    </ClInclude>
    <ClInclude Include="Source\optimization.h">
      <Filter>Header Files</Filter>
    </ClInclude>
    <ClInclude Include="Source\textures.h">
      <Filter>Header Files\Engine\Loaders</Filter>
    </ClInclude>
    <ClInclude Include="Source\stb\stb_image.h">
      <Filter>Header Files\External</Filter>
    </ClInclude>
    <ClInclude Include="Source\shaders.h">
      <Filter>Header Files\Engine\Loaders</Filter>
    </ClInclude>
    <ClInclude Include="Source\stringops.h">
      <Filter>Header Files\Engine</Filter>
    </ClInclude>
  </ItemGroup>
  <ItemGroup>
    <ClCompile Include="Source\main.cpp">
      <Filter>Source Files</Filter>
    </ClCompile>
    <ClCompile Include="Source\imgui\glad.c">
      <Filter>Source Files\External</Filter>
    </ClCompile>
    <ClCompile Include="Source\imgui\imgui.cpp">
      <Filter>Source Files\External</Filter>
    </ClCompile>
    <ClCompile Include="Source\imgui\imgui_demo.cpp">
      <Filter>Source Files\External</Filter>
    </ClCompile>
    <ClCompile Include="Source\imgui\imgui_draw.cpp">
      <Filter>Source Files\External</Filter>
    </ClCompile>
    <ClCompile Include="Source\imgui\imgui_impl_glfw.cpp">
      <Filter>Source Files\External</Filter>
    </ClCompile>
    <ClCompile Include="Source\imgui\imgui_impl_opengl3.cpp">
      <Filter>Source Files\External</Filter>
    </ClCompile>
    <ClCompile Include="Source\imgui\imgui_widgets.cpp">
      <Filter>Source Files\External</Filter>
    </ClCompile>
    <ClCompile Include="Source\imgui\imfilebrowser.cpp">
      <Filter>Source Files\External</Filter>
    </ClCompile>
    <ClCompile Include="Source\sprite_render.cpp">
      <Filter>Source Files\Engine</Filter>
    </ClCompile>
    <ClCompile Include="Source\console.cpp">
      <Filter>Source Files\Engine</Filter>
    </ClCompile>
    <ClCompile Include="Source\diag.cpp">
      <Filter>Source Files\Engine</Filter>
    </ClCompile>
    <ClCompile Include="Source\gui.cpp">
      <Filter>Source Files\Engine</Filter>
    </ClCompile>
    <ClCompile Include="Source\toolmenu.cpp">
      <Filter>Source Files\Engine</Filter>
    </ClCompile>
    <ClCompile Include="Source\window.cpp">
      <Filter>Source Files\Engine</Filter>
    </ClCompile>
    <ClCompile Include="Source\shader.cpp">
      <Filter>Source Files\Engine</Filter>
    </ClCompile>
    <ClCompile Include="Source\jiggle.cpp">
      <Filter>Source Files\Gameplay</Filter>
    </ClCompile>
    <ClCompile Include="Source\textures.cpp">
      <Filter>Source Files\Engine\Loaders</Filter>
    </ClCompile>
    <ClCompile Include="Source\shaders.cpp">
      <Filter>Source Files\Engine\Loaders</Filter>
    </ClCompile>
  </ItemGroup>
  <ItemGroup>
    <None Include="Res\Shaders\standard.fs" />
    <None Include="Res\Shaders\standard.vs" />
    <None Include="Res\Shaders\standard.shader" />
  </ItemGroup>
</Project>