<?xml version="1.0" encoding="utf-8"?>
<Project ToolsVersion="4.0" xmlns="http://schemas.microsoft.com/developer/msbuild/2003">
  <ItemGroup>
    <Filter Include="Source Files">
      <UniqueIdentifier>{4FC737F1-C7A5-4376-A066-2A32D752A2FF}</UniqueIdentifier>
      <Extensions>cpp;c;cc;cxx;c++;cppm;ixx;def;odl;idl;hpj;bat;asm;asmx</Extensions>
    </Filter>
    <Filter Include="Header Files">
      <UniqueIdentifier>{93995380-89BD-4b04-88EB-625FBE52EBFB}</UniqueIdentifier>
      <Extensions>h;hh;hpp;hxx;h++;hm;inl;inc;ipp;xsd</Extensions>
    </Filter>
    <Filter Include="Resource Files">
      <UniqueIdentifier>{67DA6AB6-F800-4c08-8B7A-83BB121AAD01}</UniqueIdentifier>
      <Extensions>rc;ico;cur;bmp;dlg;rc2;rct;bin;rgs;gif;jpg;jpeg;jpe;resx;tiff;tif;png;wav;mfcribbon-ms</Extensions>
    </Filter>
    <Filter Include="Header Files\Engine">
      <UniqueIdentifier>{3a2317a2-bff3-468f-a31d-dc496df0c7b6}</UniqueIdentifier>
    </Filter>
    <Filter Include="Header Files\Utils">
      <UniqueIdentifier>{3be959f8-f037-46aa-ae9f-e2acc8705fa3}</UniqueIdentifier>
    </Filter>
    <Filter Include="Header Files\External">
      <UniqueIdentifier>{d3a0ffa9-2e7a-43ba-9e67-0a8f1d8d21bb}</UniqueIdentifier>
    </Filter>
  </ItemGroup>
  <ItemGroup>
    <ClInclude Include="Source\engine.h">
      <Filter>Header Files\Engine</Filter>
    </ClInclude>
    <ClInclude Include="Source\render.h">
      <Filter>Header Files\Engine</Filter>
    </ClInclude>
    <ClInclude Include="Source\gui.h">
      <Filter>Header Files\Utils</Filter>
    </ClInclude>
    <ClInclude Include="Source\glad.h">
      <Filter>Header Files\External</Filter>
    </ClInclude>
    <ClInclude Include="Source\structures.h">
      <Filter>Header Files\Engine</Filter>
    </ClInclude>
    <ClInclude Include="Source\fps.h">
      <Filter>Header Files\Utils</Filter>
    </ClInclude>
    <ClInclude Include="Source\imgui\imconfig.h">
      <Filter>Header Files\External</Filter>
    </ClInclude>
    <ClInclude Include="Source\imgui\imgui.h">
      <Filter>Header Files\External</Filter>
    </ClInclude>
    <ClInclude Include="Source\imgui\imgui_impl_glfw.h">
      <Filter>Header Files\External</Filter>
    </ClInclude>
    <ClInclude Include="Source\imgui\imgui_impl_opengl3.h">
      <Filter>Header Files\External</Filter>
    </ClInclude>
    <ClInclude Include="Source\imgui\imgui_internal.h">
      <Filter>Header Files\External</Filter>
    </ClInclude>
    <ClInclude Include="Source\imgui\imstb_rectpack.h">
      <Filter>Header Files\External</Filter>
    </ClInclude>
    <ClInclude Include="Source\imgui\imstb_textedit.h">
      <Filter>Header Files\External</Filter>
    </ClInclude>
    <ClInclude Include="Source\imgui\imstb_truetype.h">
      <Filter>Header Files\External</Filter>
    </ClInclude>
    <ClInclude Include="Source\imgui\khrplatform.h">
      <Filter>Header Files\External</Filter>
    </ClInclude>
    <ClInclude Include="Source\imgui\stb_image.h">
      <Filter>Header Files\External</Filter>
    </ClInclude>
  </ItemGroup>
  <ItemGroup>
    <ClCompile Include="Source\main.cpp">
      <Filter>Source Files</Filter>
    </ClCompile>
    <ClCompile Include="Source\glad.c">
      <Filter>Source Files</Filter>
    </ClCompile>
    <ClCompile Include="Source\imgui\imgui.cpp">
      <Filter>Source Files</Filter>
    </ClCompile>
    <ClCompile Include="Source\imgui\imgui_demo.cpp">
      <Filter>Source Files</Filter>
    </ClCompile>
    <ClCompile Include="Source\imgui\imgui_draw.cpp">
      <Filter>Source Files</Filter>
    </ClCompile>
    <ClCompile Include="Source\imgui\imgui_impl_glfw.cpp">
      <Filter>Source Files</Filter>
    </ClCompile>
    <ClCompile Include="Source\imgui\imgui_impl_opengl3.cpp">
      <Filter>Source Files</Filter>
    </ClCompile>
    <ClCompile Include="Source\imgui\imgui_widgets.cpp">
      <Filter>Source Files</Filter>
    </ClCompile>
  </ItemGroup>
</Project>