
Microsoft Visual Studio Solution File, Format Version 12.00
# Visual Studio Version 16
VisualStudioVersion = 16.0.30517.126
MinimumVisualStudioVersion = 10.0.40219.1
Project("{8BC9CEB8-8B4A-11D0-8D11-00A0C91BC942}") = "Dagger", "Dagger.vcxproj", "{52AE412F-A45F-4EF8-A91D-3F3EC7E6355B}"
EndProject
Global
	GlobalSection(SolutionConfigurationPlatforms) = preSolution
		Debug|x64 = Debug|x64
		Debug|x86 = Debug|x86
		Release|x64 = Release|x64
		Release|x86 = Release|x86
	EndGlobalSection
	GlobalSection(ProjectConfigurationPlatforms) = postSolution
		{52AE412F-A45F-4EF8-A91D-3F3EC7E6355B}.Debug|x64.ActiveCfg = Debug|x64
		{52AE412F-A45F-4EF8-A91D-3F3EC7E6355B}.Debug|x64.Build.0 = Debug|x64
		{52AE412F-A45F-4EF8-A91D-3F3EC7E6355B}.Debug|x86.ActiveCfg = Debug|Win32
		{52AE412F-A45F-4EF8-A91D-3F3EC7E6355B}.Debug|x86.Build.0 = Debug|Win32
		{52AE412F-A45F-4EF8-A91D-3F3EC7E6355B}.Release|x64.ActiveCfg = Release|x64
		{52AE412F-A45F-4EF8-A91D-3F3EC7E6355B}.Release|x64.Build.0 = Release|x64
		{52AE412F-A45F-4EF8-A91D-3F3EC7E6355B}.Release|x86.ActiveCfg = Release|Win32
		{52AE412F-A45F-4EF8-A91D-3F3EC7E6355B}.Release|x86.Build.0 = Release|Win32
	EndGlobalSection
	GlobalSection(SolutionProperties) = preSolution
		HideSolutionNode = FALSE
	EndGlobalSection
	GlobalSection(ExtensibilityGlobals) = postSolution
		SolutionGuid = {22E63F03-AC53-46D6-B433-DCEB72913B72}
	EndGlobalSection
EndGlobal
