
Microsoft Visual Studio Solution File, Format Version 12.00
# Visual Studio Version 16
VisualStudioVersion = 16.0.30621.155
MinimumVisualStudioVersion = 10.0.40219.1
Project("{FAE04EC0-301F-11D3-BF4B-00C04F79EFBC}") = "TextKnife", "TextKnife.csproj", "{AE962F7B-2DC0-4B38-9503-4CB63BE95E23}"
EndProject
Global
	GlobalSection(SolutionConfigurationPlatforms) = preSolution
		Debug|Any CPU = Debug|Any CPU
		Release|Any CPU = Release|Any CPU
	EndGlobalSection
	GlobalSection(ProjectConfigurationPlatforms) = postSolution
		{AE962F7B-2DC0-4B38-9503-4CB63BE95E23}.Debug|Any CPU.ActiveCfg = Debug|Any CPU
		{AE962F7B-2DC0-4B38-9503-4CB63BE95E23}.Debug|Any CPU.Build.0 = Debug|Any CPU
		{AE962F7B-2DC0-4B38-9503-4CB63BE95E23}.Release|Any CPU.ActiveCfg = Release|Any CPU
		{AE962F7B-2DC0-4B38-9503-4CB63BE95E23}.Release|Any CPU.Build.0 = Release|Any CPU
	EndGlobalSection
	GlobalSection(SolutionProperties) = preSolution
		HideSolutionNode = FALSE
	EndGlobalSection
	GlobalSection(ExtensibilityGlobals) = postSolution
		SolutionGuid = {BCADA3DA-BDD3-4CC6-AEBF-974A9556EF2E}
	EndGlobalSection
EndGlobal
